
Microsoft Visual Studio Solution File, Format Version 12.00
# Visual Studio Version 16
VisualStudioVersion = 16.0.30011.22
MinimumVisualStudioVersion = 10.0.40219.1
Project("{FAE04EC0-301F-11D3-BF4B-00C04F79EFBC}") = "HoppitalTask", "HoppitalTask\HoppitalTask.csproj", "{444BA7E5-565C-41A0-B010-BAEE5AF223B5}"
EndProject
Global
	GlobalSection(SolutionConfigurationPlatforms) = preSolution
		Debug|Any CPU = Debug|Any CPU
		Release|Any CPU = Release|Any CPU
	EndGlobalSection
	GlobalSection(ProjectConfigurationPlatforms) = postSolution
		{444BA7E5-565C-41A0-B010-BAEE5AF223B5}.Debug|Any CPU.ActiveCfg = Debug|Any CPU
		{444BA7E5-565C-41A0-B010-BAEE5AF223B5}.Debug|Any CPU.Build.0 = Debug|Any CPU
		{444BA7E5-565C-41A0-B010-BAEE5AF223B5}.Release|Any CPU.ActiveCfg = Release|Any CPU
		{444BA7E5-565C-41A0-B010-BAEE5AF223B5}.Release|Any CPU.Build.0 = Release|Any CPU
	EndGlobalSection
	GlobalSection(SolutionProperties) = preSolution
		HideSolutionNode = FALSE
	EndGlobalSection
	GlobalSection(ExtensibilityGlobals) = postSolution
		SolutionGuid = {A3C58FE0-C52B-44DA-95DF-0AB3715E8277}
	EndGlobalSection
EndGlobal
